
Microsoft Visual Studio Solution File, Format Version 12.00
# Visual Studio Version 16
VisualStudioVersion = 16.0.33214.272
MinimumVisualStudioVersion = 10.0.40219.1
Project("{9A19103F-16F7-4668-BE54-9A1E7A4F7556}") = "Registro", "Registro.csproj", "{2EE654E2-0CCA-47DF-BE09-33F71662C113}"
EndProject
Global
	GlobalSection(SolutionConfigurationPlatforms) = preSolution
		Debug|Any CPU = Debug|Any CPU
		Release|Any CPU = Release|Any CPU
	EndGlobalSection
	GlobalSection(ProjectConfigurationPlatforms) = postSolution
		{2EE654E2-0CCA-47DF-BE09-33F71662C113}.Debug|Any CPU.ActiveCfg = Debug|Any CPU
		{2EE654E2-0CCA-47DF-BE09-33F71662C113}.Debug|Any CPU.Build.0 = Debug|Any CPU
		{2EE654E2-0CCA-47DF-BE09-33F71662C113}.Release|Any CPU.ActiveCfg = Release|Any CPU
		{2EE654E2-0CCA-47DF-BE09-33F71662C113}.Release|Any CPU.Build.0 = Release|Any CPU
	EndGlobalSection
	GlobalSection(SolutionProperties) = preSolution
		HideSolutionNode = FALSE
	EndGlobalSection
	GlobalSection(ExtensibilityGlobals) = postSolution
		SolutionGuid = {5F509F45-4807-485D-AC9E-F63F8A3C1754}
	EndGlobalSection
EndGlobal
